
Microsoft Visual Studio Solution File, Format Version 12.00
# Visual Studio Version 16
VisualStudioVersion = 16.0.30523.141
MinimumVisualStudioVersion = 10.0.40219.1
Project("{FAE04EC0-301F-11D3-BF4B-00C04F79EFBC}") = "FilmManager", "FilmManager\FilmManager.csproj", "{045A9A1F-DAD8-4F18-8410-A1B773CFE771}"
EndProject
Global
	GlobalSection(SolutionConfigurationPlatforms) = preSolution
		Debug|Any CPU = Debug|Any CPU
		Release|Any CPU = Release|Any CPU
	EndGlobalSection
	GlobalSection(ProjectConfigurationPlatforms) = postSolution
		{045A9A1F-DAD8-4F18-8410-A1B773CFE771}.Debug|Any CPU.ActiveCfg = Debug|Any CPU
		{045A9A1F-DAD8-4F18-8410-A1B773CFE771}.Debug|Any CPU.Build.0 = Debug|Any CPU
		{045A9A1F-DAD8-4F18-8410-A1B773CFE771}.Release|Any CPU.ActiveCfg = Release|Any CPU
		{045A9A1F-DAD8-4F18-8410-A1B773CFE771}.Release|Any CPU.Build.0 = Release|Any CPU
	EndGlobalSection
	GlobalSection(SolutionProperties) = preSolution
		HideSolutionNode = FALSE
	EndGlobalSection
	GlobalSection(ExtensibilityGlobals) = postSolution
		SolutionGuid = {1E4BBC07-2B77-4C32-B9B3-143CAB442239}
	EndGlobalSection
EndGlobal
